// !$*UTF8*$!
{
	archiveVersion = 1;
	classes = {
	};
	objectVersion = 56;
	objects = {

/* Begin PBXBuildFile section */
		F04BE4D529CD71B100A06DB9 /* AppDelegate.swift in Sources */ = {isa = PBXBuildFile; fileRef = F04BE4D429CD71B100A06DB9 /* AppDelegate.swift */; };
		F04BE4D729CD71B100A06DB9 /* SceneDelegate.swift in Sources */ = {isa = PBXBuildFile; fileRef = F04BE4D629CD71B100A06DB9 /* SceneDelegate.swift */; };
		F04BE4D929CD71B100A06DB9 /* ViewController.swift in Sources */ = {isa = PBXBuildFile; fileRef = F04BE4D829CD71B100A06DB9 /* ViewController.swift */; };
		F04BE4DC29CD71B100A06DB9 /* Main.storyboard in Resources */ = {isa = PBXBuildFile; fileRef = F04BE4DA29CD71B100A06DB9 /* Main.storyboard */; };
		F04BE4DE29CD71B100A06DB9 /* Assets.xcassets in Resources */ = {isa = PBXBuildFile; fileRef = F04BE4DD29CD71B100A06DB9 /* Assets.xcassets */; };
		F04BE4E129CD71B100A06DB9 /* LaunchScreen.storyboard in Resources */ = {isa = PBXBuildFile; fileRef = F04BE4DF29CD71B100A06DB9 /* LaunchScreen.storyboard */; };
		F04BE4EC29CD71B200A06DB9 /* Men_ClothingTests.swift in Sources */ = {isa = PBXBuildFile; fileRef = F04BE4EB29CD71B200A06DB9 /* Men_ClothingTests.swift */; };
		F04BE4F629CD71B200A06DB9 /* Men_ClothingUITests.swift in Sources */ = {isa = PBXBuildFile; fileRef = F04BE4F529CD71B200A06DB9 /* Men_ClothingUITests.swift */; };
		F04BE4F829CD71B200A06DB9 /* Men_ClothingUITestsLaunchTests.swift in Sources */ = {isa = PBXBuildFile; fileRef = F04BE4F729CD71B200A06DB9 /* Men_ClothingUITestsLaunchTests.swift */; };
/* End PBXBuildFile section */

/* Begin PBXContainerItemProxy section */
		F04BE4E829CD71B200A06DB9 /* PBXContainerItemProxy */ = {
			isa = PBXContainerItemProxy;
			containerPortal = F04BE4C929CD71B100A06DB9 /* Project object */;
			proxyType = 1;
			remoteGlobalIDString = F04BE4D029CD71B100A06DB9;
			remoteInfo = "Men Clothing";
		};
		F04BE4F229CD71B200A06DB9 /* PBXContainerItemProxy */ = {
			isa = PBXContainerItemProxy;
			containerPortal = F04BE4C929CD71B100A06DB9 /* Project object */;
			proxyType = 1;
			remoteGlobalIDString = F04BE4D029CD71B100A06DB9;
			remoteInfo = "Men Clothing";
		};
/* End PBXContainerItemProxy section */

/* Begin PBXFileReference section */
		F04BE4D129CD71B100A06DB9 /* Men Clothing.app */ = {isa = PBXFileReference; explicitFileType = wrapper.application; includeInIndex = 0; path = "Men Clothing.app"; sourceTree = BUILT_PRODUCTS_DIR; };
		F04BE4D429CD71B100A06DB9 /* AppDelegate.swift */ = {isa = PBXFileReference; lastKnownFileType = sourcecode.swift; path = AppDelegate.swift; sourceTree = "<group>"; };
		F04BE4D629CD71B100A06DB9 /* SceneDelegate.swift */ = {isa = PBXFileReference; lastKnownFileType = sourcecode.swift; path = SceneDelegate.swift; sourceTree = "<group>"; };
		F04BE4D829CD71B100A06DB9 /* ViewController.swift */ = {isa = PBXFileReference; lastKnownFileType = sourcecode.swift; path = ViewController.swift; sourceTree = "<group>"; };
		F04BE4DB29CD71B100A06DB9 /* Base */ = {isa = PBXFileReference; lastKnownFileType = file.storyboard; name = Base; path = Base.lproj/Main.storyboard; sourceTree = "<group>"; };
		F04BE4DD29CD71B100A06DB9 /* Assets.xcassets */ = {isa = PBXFileReference; lastKnownFileType = folder.assetcatalog; path = Assets.xcassets; sourceTree = "<group>"; };
		F04BE4E029CD71B100A06DB9 /* Base */ = {isa = PBXFileReference; lastKnownFileType = file.storyboard; name = Base; path = Base.lproj/LaunchScreen.storyboard; sourceTree = "<group>"; };
		F04BE4E229CD71B100A06DB9 /* Info.plist */ = {isa = PBXFileReference; lastKnownFileType = text.plist.xml; path = Info.plist; sourceTree = "<group>"; };
		F04BE4E729CD71B200A06DB9 /* Men ClothingTests.xctest */ = {isa = PBXFileReference; explicitFileType = wrapper.cfbundle; includeInIndex = 0; path = "Men ClothingTests.xctest"; sourceTree = BUILT_PRODUCTS_DIR; };
		F04BE4EB29CD71B200A06DB9 /* Men_ClothingTests.swift */ = {isa = PBXFileReference; lastKnownFileType = sourcecode.swift; path = Men_ClothingTests.swift; sourceTree = "<group>"; };
		F04BE4F129CD71B200A06DB9 /* Men ClothingUITests.xctest */ = {isa = PBXFileReference; explicitFileType = wrapper.cfbundle; includeInIndex = 0; path = "Men ClothingUITests.xctest"; sourceTree = BUILT_PRODUCTS_DIR; };
		F04BE4F529CD71B200A06DB9 /* Men_ClothingUITests.swift */ = {isa = PBXFileReference; lastKnownFileType = sourcecode.swift; path = Men_ClothingUITests.swift; sourceTree = "<group>"; };
		F04BE4F729CD71B200A06DB9 /* Men_ClothingUITestsLaunchTests.swift */ = {isa = PBXFileReference; lastKnownFileType = sourcecode.swift; path = Men_ClothingUITestsLaunchTests.swift; sourceTree = "<group>"; };
/* End PBXFileReference section */

/* Begin PBXFrameworksBuildPhase section */
		F04BE4CE29CD71B100A06DB9 /* Frameworks */ = {
			isa = PBXFrameworksBuildPhase;
			buildActionMask = 2147483647;
			files = (
			);
			runOnlyForDeploymentPostprocessing = 0;
		};
		F04BE4E429CD71B200A06DB9 /* Frameworks */ = {
			isa = PBXFrameworksBuildPhase;
			buildActionMask = 2147483647;
			files = (
			);
			runOnlyForDeploymentPostprocessing = 0;
		};
		F04BE4EE29CD71B200A06DB9 /* Frameworks */ = {
			isa = PBXFrameworksBuildPhase;
			buildActionMask = 2147483647;
			files = (
			);
			runOnlyForDeploymentPostprocessing = 0;
		};
/* End PBXFrameworksBuildPhase section */

/* Begin PBXGroup section */
		F04BE4C829CD71B100A06DB9 = {
			isa = PBXGroup;
			children = (
				F04BE4D329CD71B100A06DB9 /* Men Clothing */,
				F04BE4EA29CD71B200A06DB9 /* Men ClothingTests */,
				F04BE4F429CD71B200A06DB9 /* Men ClothingUITests */,
				F04BE4D229CD71B100A06DB9 /* Products */,
			);
			sourceTree = "<group>";
		};
		F04BE4D229CD71B100A06DB9 /* Products */ = {
			isa = PBXGroup;
			children = (
				F04BE4D129CD71B100A06DB9 /* Men Clothing.app */,
				F04BE4E729CD71B200A06DB9 /* Men ClothingTests.xctest */,
				F04BE4F129CD71B200A06DB9 /* Men ClothingUITests.xctest */,
			);
			name = Products;
			sourceTree = "<group>";
		};
		F04BE4D329CD71B100A06DB9 /* Men Clothing */ = {
			isa = PBXGroup;
			children = (
				F04BE4D429CD71B100A06DB9 /* AppDelegate.swift */,
				F04BE4D629CD71B100A06DB9 /* SceneDelegate.swift */,
				F04BE4D829CD71B100A06DB9 /* ViewController.swift */,
				F04BE4DA29CD71B100A06DB9 /* Main.storyboard */,
				F04BE4DD29CD71B100A06DB9 /* Assets.xcassets */,
				F04BE4DF29CD71B100A06DB9 /* LaunchScreen.storyboard */,
				F04BE4E229CD71B100A06DB9 /* Info.plist */,
			);
			path = "Men Clothing";
			sourceTree = "<group>";
		};
		F04BE4EA29CD71B200A06DB9 /* Men ClothingTests */ = {
			isa = PBXGroup;
			children = (
				F04BE4EB29CD71B200A06DB9 /* Men_ClothingTests.swift */,
			);
			path = "Men ClothingTests";
			sourceTree = "<group>";
		};
		F04BE4F429CD71B200A06DB9 /* Men ClothingUITests */ = {
			isa = PBXGroup;
			children = (
				F04BE4F529CD71B200A06DB9 /* Men_ClothingUITests.swift */,
				F04BE4F729CD71B200A06DB9 /* Men_ClothingUITestsLaunchTests.swift */,
			);
			path = "Men ClothingUITests";
			sourceTree = "<group>";
		};
/* End PBXGroup section */

/* Begin PBXNativeTarget section */
		F04BE4D029CD71B100A06DB9 /* Men Clothing */ = {
			isa = PBXNativeTarget;
			buildConfigurationList = F04BE4FB29CD71B200A06DB9 /* Build configuration list for PBXNativeTarget "Men Clothing" */;
			buildPhases = (
				F04BE4CD29CD71B100A06DB9 /* Sources */,
				F04BE4CE29CD71B100A06DB9 /* Frameworks */,
				F04BE4CF29CD71B100A06DB9 /* Resources */,
			);
			buildRules = (
			);
			dependencies = (
			);
			name = "Men Clothing";
			productName = "Men Clothing";
			productReference = F04BE4D129CD71B100A06DB9 /* Men Clothing.app */;
			productType = "com.apple.product-type.application";
		};
		F04BE4E629CD71B200A06DB9 /* Men ClothingTests */ = {
			isa = PBXNativeTarget;
			buildConfigurationList = F04BE4FE29CD71B200A06DB9 /* Build configuration list for PBXNativeTarget "Men ClothingTests" */;
			buildPhases = (
				F04BE4E329CD71B200A06DB9 /* Sources */,
				F04BE4E429CD71B200A06DB9 /* Frameworks */,
				F04BE4E529CD71B200A06DB9 /* Resources */,
			);
			buildRules = (
			);
			dependencies = (
				F04BE4E929CD71B200A06DB9 /* PBXTargetDependency */,
			);
			name = "Men ClothingTests";
			productName = "Men ClothingTests";
			productReference = F04BE4E729CD71B200A06DB9 /* Men ClothingTests.xctest */;
			productType = "com.apple.product-type.bundle.unit-test";
		};
		F04BE4F029CD71B200A06DB9 /* Men ClothingUITests */ = {
			isa = PBXNativeTarget;
			buildConfigurationList = F04BE50129CD71B200A06DB9 /* Build configuration list for PBXNativeTarget "Men ClothingUITests" */;
			buildPhases = (
				F04BE4ED29CD71B200A06DB9 /* Sources */,
				F04BE4EE29CD71B200A06DB9 /* Frameworks */,
				F04BE4EF29CD71B200A06DB9 /* Resources */,
			);
			buildRules = (
			);
			dependencies = (
				F04BE4F329CD71B200A06DB9 /* PBXTargetDependency */,
			);
			name = "Men ClothingUITests";
			productName = "Men ClothingUITests";
			productReference = F04BE4F129CD71B200A06DB9 /* Men ClothingUITests.xctest */;
			productType = "com.apple.product-type.bundle.ui-testing";
		};
/* End PBXNativeTarget section */

/* Begin PBXProject section */
		F04BE4C929CD71B100A06DB9 /* Project object */ = {
			isa = PBXProject;
			attributes = {
				BuildIndependentTargetsInParallel = 1;
				LastSwiftUpdateCheck = 1420;
				LastUpgradeCheck = 1420;
				TargetAttributes = {
					F04BE4D029CD71B100A06DB9 = {
						CreatedOnToolsVersion = 14.2;
					};
					F04BE4E629CD71B200A06DB9 = {
						CreatedOnToolsVersion = 14.2;
						TestTargetID = F04BE4D029CD71B100A06DB9;
					};
					F04BE4F029CD71B200A06DB9 = {
						CreatedOnToolsVersion = 14.2;
						TestTargetID = F04BE4D029CD71B100A06DB9;
					};
				};
			};
			buildConfigurationList = F04BE4CC29CD71B100A06DB9 /* Build configuration list for PBXProject "Men Clothing" */;
			compatibilityVersion = "Xcode 14.0";
			developmentRegion = en;
			hasScannedForEncodings = 0;
			knownRegions = (
				en,
				Base,
			);
			mainGroup = F04BE4C829CD71B100A06DB9;
			productRefGroup = F04BE4D229CD71B100A06DB9 /* Products */;
			projectDirPath = "";
			projectRoot = "";
			targets = (
				F04BE4D029CD71B100A06DB9 /* Men Clothing */,
				F04BE4E629CD71B200A06DB9 /* Men ClothingTests */,
				F04BE4F029CD71B200A06DB9 /* Men ClothingUITests */,
			);
		};
/* End PBXProject section */

/* Begin PBXResourcesBuildPhase section */
		F04BE4CF29CD71B100A06DB9 /* Resources */ = {
			isa = PBXResourcesBuildPhase;
			buildActionMask = 2147483647;
			files = (
				F04BE4E129CD71B100A06DB9 /* LaunchScreen.storyboard in Resources */,
				F04BE4DE29CD71B100A06DB9 /* Assets.xcassets in Resources */,
				F04BE4DC29CD71B100A06DB9 /* Main.storyboard in Resources */,
			);
			runOnlyForDeploymentPostprocessing = 0;
		};
		F04BE4E529CD71B200A06DB9 /* Resources */ = {
			isa = PBXResourcesBuildPhase;
			buildActionMask = 2147483647;
			files = (
			);
			runOnlyForDeploymentPostprocessing = 0;
		};
		F04BE4EF29CD71B200A06DB9 /* Resources */ = {
			isa = PBXResourcesBuildPhase;
			buildActionMask = 2147483647;
			files = (
			);
			runOnlyForDeploymentPostprocessing = 0;
		};
/* End PBXResourcesBuildPhase section */

/* Begin PBXSourcesBuildPhase section */
		F04BE4CD29CD71B100A06DB9 /* Sources */ = {
			isa = PBXSourcesBuildPhase;
			buildActionMask = 2147483647;
			files = (
				F04BE4D929CD71B100A06DB9 /* ViewController.swift in Sources */,
				F04BE4D529CD71B100A06DB9 /* AppDelegate.swift in Sources */,
				F04BE4D729CD71B100A06DB9 /* SceneDelegate.swift in Sources */,
			);
			runOnlyForDeploymentPostprocessing = 0;
		};
		F04BE4E329CD71B200A06DB9 /* Sources */ = {
			isa = PBXSourcesBuildPhase;
			buildActionMask = 2147483647;
			files = (
				F04BE4EC29CD71B200A06DB9 /* Men_ClothingTests.swift in Sources */,
			);
			runOnlyForDeploymentPostprocessing = 0;
		};
		F04BE4ED29CD71B200A06DB9 /* Sources */ = {
			isa = PBXSourcesBuildPhase;
			buildActionMask = 2147483647;
			files = (
				F04BE4F629CD71B200A06DB9 /* Men_ClothingUITests.swift in Sources */,
				F04BE4F829CD71B200A06DB9 /* Men_ClothingUITestsLaunchTests.swift in Sources */,
			);
			runOnlyForDeploymentPostprocessing = 0;
		};
/* End PBXSourcesBuildPhase section */

/* Begin PBXTargetDependency section */
		F04BE4E929CD71B200A06DB9 /* PBXTargetDependency */ = {
			isa = PBXTargetDependency;
			target = F04BE4D029CD71B100A06DB9 /* Men Clothing */;
			targetProxy = F04BE4E829CD71B200A06DB9 /* PBXContainerItemProxy */;
		};
		F04BE4F329CD71B200A06DB9 /* PBXTargetDependency */ = {
			isa = PBXTargetDependency;
			target = F04BE4D029CD71B100A06DB9 /* Men Clothing */;
			targetProxy = F04BE4F229CD71B200A06DB9 /* PBXContainerItemProxy */;
		};
/* End PBXTargetDependency section */

/* Begin PBXVariantGroup section */
		F04BE4DA29CD71B100A06DB9 /* Main.storyboard */ = {
			isa = PBXVariantGroup;
			children = (
				F04BE4DB29CD71B100A06DB9 /* Base */,
			);
			name = Main.storyboard;
			sourceTree = "<group>";
		};
		F04BE4DF29CD71B100A06DB9 /* LaunchScreen.storyboard */ = {
			isa = PBXVariantGroup;
			children = (
				F04BE4E029CD71B100A06DB9 /* Base */,
			);
			name = LaunchScreen.storyboard;
			sourceTree = "<group>";
		};
/* End PBXVariantGroup section */

/* Begin XCBuildConfiguration section */
		F04BE4F929CD71B200A06DB9 /* Debug */ = {
			isa = XCBuildConfiguration;
			buildSettings = {
				ALWAYS_SEARCH_USER_PATHS = NO;
				CLANG_ANALYZER_NONNULL = YES;
				CLANG_ANALYZER_NUMBER_OBJECT_CONVERSION = YES_AGGRESSIVE;
				CLANG_CXX_LANGUAGE_STANDARD = "gnu++20";
				CLANG_ENABLE_MODULES = YES;
				CLANG_ENABLE_OBJC_ARC = YES;
				CLANG_ENABLE_OBJC_WEAK = YES;
				CLANG_WARN_BLOCK_CAPTURE_AUTORELEASING = YES;
				CLANG_WARN_BOOL_CONVERSION = YES;
				CLANG_WARN_COMMA = YES;
				CLANG_WARN_CONSTANT_CONVERSION = YES;
				CLANG_WARN_DEPRECATED_OBJC_IMPLEMENTATIONS = YES;
				CLANG_WARN_DIRECT_OBJC_ISA_USAGE = YES_ERROR;
				CLANG_WARN_DOCUMENTATION_COMMENTS = YES;
				CLANG_WARN_EMPTY_BODY = YES;
				CLANG_WARN_ENUM_CONVERSION = YES;
				CLANG_WARN_INFINITE_RECURSION = YES;
				CLANG_WARN_INT_CONVERSION = YES;
				CLANG_WARN_NON_LITERAL_NULL_CONVERSION = YES;
				CLANG_WARN_OBJC_IMPLICIT_RETAIN_SELF = YES;
				CLANG_WARN_OBJC_LITERAL_CONVERSION = YES;
				CLANG_WARN_OBJC_ROOT_CLASS = YES_ERROR;
				CLANG_WARN_QUOTED_INCLUDE_IN_FRAMEWORK_HEADER = YES;
				CLANG_WARN_RANGE_LOOP_ANALYSIS = YES;
				CLANG_WARN_STRICT_PROTOTYPES = YES;
				CLANG_WARN_SUSPICIOUS_MOVE = YES;
				CLANG_WARN_UNGUARDED_AVAILABILITY = YES_AGGRESSIVE;
				CLANG_WARN_UNREACHABLE_CODE = YES;
				CLANG_WARN__DUPLICATE_METHOD_MATCH = YES;
				COPY_PHASE_STRIP = NO;
				DEBUG_INFORMATION_FORMAT = dwarf;
				ENABLE_STRICT_OBJC_MSGSEND = YES;
				ENABLE_TESTABILITY = YES;
				GCC_C_LANGUAGE_STANDARD = gnu11;
				GCC_DYNAMIC_NO_PIC = NO;
				GCC_NO_COMMON_BLOCKS = YES;
				GCC_OPTIMIZATION_LEVEL = 0;
				GCC_PREPROCESSOR_DEFINITIONS = (
					"DEBUG=1",
					"$(inherited)",
				);
				GCC_WARN_64_TO_32_BIT_CONVERSION = YES;
				GCC_WARN_ABOUT_RETURN_TYPE = YES_ERROR;
				GCC_WARN_UNDECLARED_SELECTOR = YES;
				GCC_WARN_UNINITIALIZED_AUTOS = YES_AGGRESSIVE;
				GCC_WARN_UNUSED_FUNCTION = YES;
				GCC_WARN_UNUSED_VARIABLE = YES;
				IPHONEOS_DEPLOYMENT_TARGET = 16.2;
				MTL_ENABLE_DEBUG_INFO = INCLUDE_SOURCE;
				MTL_FAST_MATH = YES;
				ONLY_ACTIVE_ARCH = YES;
				SDKROOT = iphoneos;
				SWIFT_ACTIVE_COMPILATION_CONDITIONS = DEBUG;
				SWIFT_OPTIMIZATION_LEVEL = "-Onone";
			};
			name = Debug;
		};
		F04BE4FA29CD71B200A06DB9 /* Release */ = {
			isa = XCBuildConfiguration;
			buildSettings = {
				ALWAYS_SEARCH_USER_PATHS = NO;
				CLANG_ANALYZER_NONNULL = YES;
				CLANG_ANALYZER_NUMBER_OBJECT_CONVERSION = YES_AGGRESSIVE;
				CLANG_CXX_LANGUAGE_STANDARD = "gnu++20";
				CLANG_ENABLE_MODULES = YES;
				CLANG_ENABLE_OBJC_ARC = YES;
				CLANG_ENABLE_OBJC_WEAK = YES;
				CLANG_WARN_BLOCK_CAPTURE_AUTORELEASING = YES;
				CLANG_WARN_BOOL_CONVERSION = YES;
				CLANG_WARN_COMMA = YES;
				CLANG_WARN_CONSTANT_CONVERSION = YES;
				CLANG_WARN_DEPRECATED_OBJC_IMPLEMENTATIONS = YES;
				CLANG_WARN_DIRECT_OBJC_ISA_USAGE = YES_ERROR;
				CLANG_WARN_DOCUMENTATION_COMMENTS = YES;
				CLANG_WARN_EMPTY_BODY = YES;
				CLANG_WARN_ENUM_CONVERSION = YES;
				CLANG_WARN_INFINITE_RECURSION = YES;
				CLANG_WARN_INT_CONVERSION = YES;
				CLANG_WARN_NON_LITERAL_NULL_CONVERSION = YES;
				CLANG_WARN_OBJC_IMPLICIT_RETAIN_SELF = YES;
				CLANG_WARN_OBJC_LITERAL_CONVERSION = YES;
				CLANG_WARN_OBJC_ROOT_CLASS = YES_ERROR;
				CLANG_WARN_QUOTED_INCLUDE_IN_FRAMEWORK_HEADER = YES;
				CLANG_WARN_RANGE_LOOP_ANALYSIS = YES;
				CLANG_WARN_STRICT_PROTOTYPES = YES;
				CLANG_WARN_SUSPICIOUS_MOVE = YES;
				CLANG_WARN_UNGUARDED_AVAILABILITY = YES_AGGRESSIVE;
				CLANG_WARN_UNREACHABLE_CODE = YES;
				CLANG_WARN__DUPLICATE_METHOD_MATCH = YES;
				COPY_PHASE_STRIP = NO;
				DEBUG_INFORMATION_FORMAT = "dwarf-with-dsym";
				ENABLE_NS_ASSERTIONS = NO;
				ENABLE_STRICT_OBJC_MSGSEND = YES;
				GCC_C_LANGUAGE_STANDARD = gnu11;
				GCC_NO_COMMON_BLOCKS = YES;
				GCC_WARN_64_TO_32_BIT_CONVERSION = YES;
				GCC_WARN_ABOUT_RETURN_TYPE = YES_ERROR;
				GCC_WARN_UNDECLARED_SELECTOR = YES;
				GCC_WARN_UNINITIALIZED_AUTOS = YES_AGGRESSIVE;
				GCC_WARN_UNUSED_FUNCTION = YES;
				GCC_WARN_UNUSED_VARIABLE = YES;
				IPHONEOS_DEPLOYMENT_TARGET = 16.2;
				MTL_ENABLE_DEBUG_INFO = NO;
				MTL_FAST_MATH = YES;
				SDKROOT = iphoneos;
				SWIFT_COMPILATION_MODE = wholemodule;
				SWIFT_OPTIMIZATION_LEVEL = "-O";
				VALIDATE_PRODUCT = YES;
			};
			name = Release;
		};
		F04BE4FC29CD71B200A06DB9 /* Debug */ = {
			isa = XCBuildConfiguration;
			buildSettings = {
				ASSETCATALOG_COMPILER_APPICON_NAME = AppIcon;
				ASSETCATALOG_COMPILER_GLOBAL_ACCENT_COLOR_NAME = AccentColor;
				CODE_SIGN_STYLE = Automatic;
				CURRENT_PROJECT_VERSION = 1;
				GENERATE_INFOPLIST_FILE = YES;
				INFOPLIST_FILE = "Men Clothing/Info.plist";
				INFOPLIST_KEY_UIApplicationSupportsIndirectInputEvents = YES;
				INFOPLIST_KEY_UILaunchStoryboardName = LaunchScreen;
				INFOPLIST_KEY_UIMainStoryboardFile = Main;
				INFOPLIST_KEY_UISupportedInterfaceOrientations_iPad = "UIInterfaceOrientationPortrait UIInterfaceOrientationPortraitUpsideDown UIInterfaceOrientationLandscapeLeft UIInterfaceOrientationLandscapeRight";
				INFOPLIST_KEY_UISupportedInterfaceOrientations_iPhone = "UIInterfaceOrientationPortrait UIInterfaceOrientationLandscapeLeft UIInterfaceOrientationLandscapeRight";
				LD_RUNPATH_SEARCH_PATHS = (
					"$(inherited)",
					"@executable_path/Frameworks",
				);
				MARKETING_VERSION = 1.0;
				PRODUCT_BUNDLE_IDENTIFIER = "iOSclass.Men-Clothing";
				PRODUCT_NAME = "$(TARGET_NAME)";
				SWIFT_EMIT_LOC_STRINGS = YES;
				SWIFT_VERSION = 5.0;
				TARGETED_DEVICE_FAMILY = "1,2";
			};
			name = Debug;
		};
		F04BE4FD29CD71B200A06DB9 /* Release */ = {
			isa = XCBuildConfiguration;
			buildSettings = {
				ASSETCATALOG_COMPILER_APPICON_NAME = AppIcon;
				ASSETCATALOG_COMPILER_GLOBAL_ACCENT_COLOR_NAME = AccentColor;
				CODE_SIGN_STYLE = Automatic;
				CURRENT_PROJECT_VERSION = 1;
				GENERATE_INFOPLIST_FILE = YES;
				INFOPLIST_FILE = "Men Clothing/Info.plist";
				INFOPLIST_KEY_UIApplicationSupportsIndirectInputEvents = YES;
				INFOPLIST_KEY_UILaunchStoryboardName = LaunchScreen;
				INFOPLIST_KEY_UIMainStoryboardFile = Main;
				INFOPLIST_KEY_UISupportedInterfaceOrientations_iPad = "UIInterfaceOrientationPortrait UIInterfaceOrientationPortraitUpsideDown UIInterfaceOrientationLandscapeLeft UIInterfaceOrientationLandscapeRight";
				INFOPLIST_KEY_UISupportedInterfaceOrientations_iPhone = "UIInterfaceOrientationPortrait UIInterfaceOrientationLandscapeLeft UIInterfaceOrientationLandscapeRight";
				LD_RUNPATH_SEARCH_PATHS = (
					"$(inherited)",
					"@executable_path/Frameworks",
				);
				MARKETING_VERSION = 1.0;
				PRODUCT_BUNDLE_IDENTIFIER = "iOSclass.Men-Clothing";
				PRODUCT_NAME = "$(TARGET_NAME)";
				SWIFT_EMIT_LOC_STRINGS = YES;
				SWIFT_VERSION = 5.0;
				TARGETED_DEVICE_FAMILY = "1,2";
			};
			name = Release;
		};
		F04BE4FF29CD71B200A06DB9 /* Debug */ = {
			isa = XCBuildConfiguration;
			buildSettings = {
				ALWAYS_EMBED_SWIFT_STANDARD_LIBRARIES = YES;
				BUNDLE_LOADER = "$(TEST_HOST)";
				CODE_SIGN_STYLE = Automatic;
				CURRENT_PROJECT_VERSION = 1;
				GENERATE_INFOPLIST_FILE = YES;
				IPHONEOS_DEPLOYMENT_TARGET = 16.2;
				MARKETING_VERSION = 1.0;
				PRODUCT_BUNDLE_IDENTIFIER = "iOSclass.Men-ClothingTests";
				PRODUCT_NAME = "$(TARGET_NAME)";
				SWIFT_EMIT_LOC_STRINGS = NO;
				SWIFT_VERSION = 5.0;
				TARGETED_DEVICE_FAMILY = "1,2";
				TEST_HOST = "$(BUILT_PRODUCTS_DIR)/Men Clothing.app/$(BUNDLE_EXECUTABLE_FOLDER_PATH)/Men Clothing";
			};
			name = Debug;
		};
		F04BE50029CD71B200A06DB9 /* Release */ = {
			isa = XCBuildConfiguration;
			buildSettings = {
				ALWAYS_EMBED_SWIFT_STANDARD_LIBRARIES = YES;
				BUNDLE_LOADER = "$(TEST_HOST)";
				CODE_SIGN_STYLE = Automatic;
				CURRENT_PROJECT_VERSION = 1;
				GENERATE_INFOPLIST_FILE = YES;
				IPHONEOS_DEPLOYMENT_TARGET = 16.2;
				MARKETING_VERSION = 1.0;
				PRODUCT_BUNDLE_IDENTIFIER = "iOSclass.Men-ClothingTests";
				PRODUCT_NAME = "$(TARGET_NAME)";
				SWIFT_EMIT_LOC_STRINGS = NO;
				SWIFT_VERSION = 5.0;
				TARGETED_DEVICE_FAMILY = "1,2";
				TEST_HOST = "$(BUILT_PRODUCTS_DIR)/Men Clothing.app/$(BUNDLE_EXECUTABLE_FOLDER_PATH)/Men Clothing";
			};
			name = Release;
		};
		F04BE50229CD71B200A06DB9 /* Debug */ = {
			isa = XCBuildConfiguration;
			buildSettings = {
				ALWAYS_EMBED_SWIFT_STANDARD_LIBRARIES = YES;
				CODE_SIGN_STYLE = Automatic;
				CURRENT_PROJECT_VERSION = 1;
				GENERATE_INFOPLIST_FILE = YES;
				MARKETING_VERSION = 1.0;
				PRODUCT_BUNDLE_IDENTIFIER = "iOSclass.Men-ClothingUITests";
				PRODUCT_NAME = "$(TARGET_NAME)";
				SWIFT_EMIT_LOC_STRINGS = NO;
				SWIFT_VERSION = 5.0;
				TARGETED_DEVICE_FAMILY = "1,2";
				TEST_TARGET_NAME = "Men Clothing";
			};
			name = Debug;
		};
		F04BE50329CD71B200A06DB9 /* Release */ = {
			isa = XCBuildConfiguration;
			buildSettings = {
				ALWAYS_EMBED_SWIFT_STANDARD_LIBRARIES = YES;
				CODE_SIGN_STYLE = Automatic;
				CURRENT_PROJECT_VERSION = 1;
				GENERATE_INFOPLIST_FILE = YES;
				MARKETING_VERSION = 1.0;
				PRODUCT_BUNDLE_IDENTIFIER = "iOSclass.Men-ClothingUITests";
				PRODUCT_NAME = "$(TARGET_NAME)";
				SWIFT_EMIT_LOC_STRINGS = NO;
				SWIFT_VERSION = 5.0;
				TARGETED_DEVICE_FAMILY = "1,2";
				TEST_TARGET_NAME = "Men Clothing";
			};
			name = Release;
		};
/* End XCBuildConfiguration section */

/* Begin XCConfigurationList section */
		F04BE4CC29CD71B100A06DB9 /* Build configuration list for PBXProject "Men Clothing" */ = {
			isa = XCConfigurationList;
			buildConfigurations = (
				F04BE4F929CD71B200A06DB9 /* Debug */,
				F04BE4FA29CD71B200A06DB9 /* Release */,
			);
			defaultConfigurationIsVisible = 0;
			defaultConfigurationName = Release;
		};
		F04BE4FB29CD71B200A06DB9 /* Build configuration list for PBXNativeTarget "Men Clothing" */ = {
			isa = XCConfigurationList;
			buildConfigurations = (
				F04BE4FC29CD71B200A06DB9 /* Debug */,
				F04BE4FD29CD71B200A06DB9 /* Release */,
			);
			defaultConfigurationIsVisible = 0;
			defaultConfigurationName = Release;
		};
		F04BE4FE29CD71B200A06DB9 /* Build configuration list for PBXNativeTarget "Men ClothingTests" */ = {
			isa = XCConfigurationList;
			buildConfigurations = (
				F04BE4FF29CD71B200A06DB9 /* Debug */,
				F04BE50029CD71B200A06DB9 /* Release */,
			);
			defaultConfigurationIsVisible = 0;
			defaultConfigurationName = Release;
		};
		F04BE50129CD71B200A06DB9 /* Build configuration list for PBXNativeTarget "Men ClothingUITests" */ = {
			isa = XCConfigurationList;
			buildConfigurations = (
				F04BE50229CD71B200A06DB9 /* Debug */,
				F04BE50329CD71B200A06DB9 /* Release */,
			);
			defaultConfigurationIsVisible = 0;
			defaultConfigurationName = Release;
		};
/* End XCConfigurationList section */
	};
	rootObject = F04BE4C929CD71B100A06DB9 /* Project object */;
}
